// !$*UTF8*$!
{
	archiveVersion = 1;
	classes = {
	};
	objectVersion = 46;
	objects = {

/* Begin PBXBuildFile section */
		B3F8E91C1C0EA11E005EA12F /* main.m in Sources */ = {isa = PBXBuildFile; fileRef = B3F8E91B1C0EA11E005EA12F /* main.m */; };
		B3F8E91F1C0EA11E005EA12F /* AppDelegate.m in Sources */ = {isa = PBXBuildFile; fileRef = B3F8E91E1C0EA11E005EA12F /* AppDelegate.m */; };
		B3F8E9221C0EA11E005EA12F /* ViewController.m in Sources */ = {isa = PBXBuildFile; fileRef = B3F8E9211C0EA11E005EA12F /* ViewController.m */; };
		B3F8E9251C0EA11E005EA12F /* Main.storyboard in Resources */ = {isa = PBXBuildFile; fileRef = B3F8E9231C0EA11E005EA12F /* Main.storyboard */; };
		B3F8E9271C0EA11E005EA12F /* Assets.xcassets in Resources */ = {isa = PBXBuildFile; fileRef = B3F8E9261C0EA11E005EA12F /* Assets.xcassets */; };
		B3F8E92A1C0EA11E005EA12F /* LaunchScreen.storyboard in Resources */ = {isa = PBXBuildFile; fileRef = B3F8E9281C0EA11E005EA12F /* LaunchScreen.storyboard */; };
		B3F8E9341C0EA194005EA12F /* Pinyin.m in Sources */ = {isa = PBXBuildFile; fileRef = B3F8E9331C0EA194005EA12F /* Pinyin.m */; };
		B3F8E9371C0EA23B005EA12F /* OrderingManager.m in Sources */ = {isa = PBXBuildFile; fileRef = B3F8E9361C0EA23B005EA12F /* OrderingManager.m */; };
		B3F8E93A1C0EA780005EA12F /* SimpleModel.m in Sources */ = {isa = PBXBuildFile; fileRef = B3F8E9391C0EA780005EA12F /* SimpleModel.m */; };
/* End PBXBuildFile section */

/* Begin PBXFileReference section */
		B3F8E9171C0EA11E005EA12F /* ChineseOrdering.app */ = {isa = PBXFileReference; explicitFileType = wrapper.application; includeInIndex = 0; path = ChineseOrdering.app; sourceTree = BUILT_PRODUCTS_DIR; };
		B3F8E91B1C0EA11E005EA12F /* main.m */ = {isa = PBXFileReference; lastKnownFileType = sourcecode.c.objc; path = main.m; sourceTree = "<group>"; };
		B3F8E91D1C0EA11E005EA12F /* AppDelegate.h */ = {isa = PBXFileReference; lastKnownFileType = sourcecode.c.h; path = AppDelegate.h; sourceTree = "<group>"; };
		B3F8E91E1C0EA11E005EA12F /* AppDelegate.m */ = {isa = PBXFileReference; lastKnownFileType = sourcecode.c.objc; path = AppDelegate.m; sourceTree = "<group>"; };
		B3F8E9201C0EA11E005EA12F /* ViewController.h */ = {isa = PBXFileReference; lastKnownFileType = sourcecode.c.h; path = ViewController.h; sourceTree = "<group>"; };
		B3F8E9211C0EA11E005EA12F /* ViewController.m */ = {isa = PBXFileReference; lastKnownFileType = sourcecode.c.objc; path = ViewController.m; sourceTree = "<group>"; };
		B3F8E9241C0EA11E005EA12F /* Base */ = {isa = PBXFileReference; lastKnownFileType = file.storyboard; name = Base; path = Base.lproj/Main.storyboard; sourceTree = "<group>"; };
		B3F8E9261C0EA11E005EA12F /* Assets.xcassets */ = {isa = PBXFileReference; lastKnownFileType = folder.assetcatalog; path = Assets.xcassets; sourceTree = "<group>"; };
		B3F8E9291C0EA11E005EA12F /* Base */ = {isa = PBXFileReference; lastKnownFileType = file.storyboard; name = Base; path = Base.lproj/LaunchScreen.storyboard; sourceTree = "<group>"; };
		B3F8E92B1C0EA11E005EA12F /* Info.plist */ = {isa = PBXFileReference; lastKnownFileType = text.plist.xml; path = Info.plist; sourceTree = "<group>"; };
		B3F8E9321C0EA194005EA12F /* Pinyin.h */ = {isa = PBXFileReference; fileEncoding = 4; lastKnownFileType = sourcecode.c.h; path = Pinyin.h; sourceTree = "<group>"; };
		B3F8E9331C0EA194005EA12F /* Pinyin.m */ = {isa = PBXFileReference; fileEncoding = 4; lastKnownFileType = sourcecode.c.objc; path = Pinyin.m; sourceTree = "<group>"; };
		B3F8E9351C0EA23B005EA12F /* OrderingManager.h */ = {isa = PBXFileReference; fileEncoding = 4; lastKnownFileType = sourcecode.c.h; path = OrderingManager.h; sourceTree = "<group>"; };
		B3F8E9361C0EA23B005EA12F /* OrderingManager.m */ = {isa = PBXFileReference; fileEncoding = 4; lastKnownFileType = sourcecode.c.objc; path = OrderingManager.m; sourceTree = "<group>"; };
		B3F8E9381C0EA780005EA12F /* SimpleModel.h */ = {isa = PBXFileReference; fileEncoding = 4; lastKnownFileType = sourcecode.c.h; path = SimpleModel.h; sourceTree = "<group>"; };
		B3F8E9391C0EA780005EA12F /* SimpleModel.m */ = {isa = PBXFileReference; fileEncoding = 4; lastKnownFileType = sourcecode.c.objc; path = SimpleModel.m; sourceTree = "<group>"; };
/* End PBXFileReference section */

/* Begin PBXFrameworksBuildPhase section */
		B3F8E9141C0EA11E005EA12F /* Frameworks */ = {
			isa = PBXFrameworksBuildPhase;
			buildActionMask = 2147483647;
			files = (
			);
			runOnlyForDeploymentPostprocessing = 0;
		};
/* End PBXFrameworksBuildPhase section */

/* Begin PBXGroup section */
		B3F8E90E1C0EA11E005EA12F = {
			isa = PBXGroup;
			children = (
				B3F8E9191C0EA11E005EA12F /* ChineseOrdering */,
				B3F8E9181C0EA11E005EA12F /* Products */,
			);
			sourceTree = "<group>";
		};
		B3F8E9181C0EA11E005EA12F /* Products */ = {
			isa = PBXGroup;
			children = (
				B3F8E9171C0EA11E005EA12F /* ChineseOrdering.app */,
			);
			name = Products;
			sourceTree = "<group>";
		};
		B3F8E9191C0EA11E005EA12F /* ChineseOrdering */ = {
			isa = PBXGroup;
			children = (
				B3F8E9311C0EA185005EA12F /* ChineseOrdering */,
				B3F8E91D1C0EA11E005EA12F /* AppDelegate.h */,
				B3F8E91E1C0EA11E005EA12F /* AppDelegate.m */,
				B3F8E9201C0EA11E005EA12F /* ViewController.h */,
				B3F8E9211C0EA11E005EA12F /* ViewController.m */,
				B3F8E9231C0EA11E005EA12F /* Main.storyboard */,
				B3F8E9261C0EA11E005EA12F /* Assets.xcassets */,
				B3F8E9281C0EA11E005EA12F /* LaunchScreen.storyboard */,
				B3F8E92B1C0EA11E005EA12F /* Info.plist */,
				B3F8E91A1C0EA11E005EA12F /* Supporting Files */,
			);
			path = ChineseOrdering;
			sourceTree = "<group>";
		};
		B3F8E91A1C0EA11E005EA12F /* Supporting Files */ = {
			isa = PBXGroup;
			children = (
				B3F8E91B1C0EA11E005EA12F /* main.m */,
			);
			name = "Supporting Files";
			sourceTree = "<group>";
		};
		B3F8E9311C0EA185005EA12F /* ChineseOrdering */ = {
			isa = PBXGroup;
			children = (
				B3F8E9321C0EA194005EA12F /* Pinyin.h */,
				B3F8E9331C0EA194005EA12F /* Pinyin.m */,
				B3F8E9351C0EA23B005EA12F /* OrderingManager.h */,
				B3F8E9361C0EA23B005EA12F /* OrderingManager.m */,
				B3F8E9381C0EA780005EA12F /* SimpleModel.h */,
				B3F8E9391C0EA780005EA12F /* SimpleModel.m */,
			);
			path = ChineseOrdering;
			sourceTree = "<group>";
		};
/* End PBXGroup section */

/* Begin PBXNativeTarget section */
		B3F8E9161C0EA11E005EA12F /* ChineseOrdering */ = {
			isa = PBXNativeTarget;
			buildConfigurationList = B3F8E92E1C0EA11E005EA12F /* Build configuration list for PBXNativeTarget "ChineseOrdering" */;
			buildPhases = (
				B3F8E9131C0EA11E005EA12F /* Sources */,
				B3F8E9141C0EA11E005EA12F /* Frameworks */,
				B3F8E9151C0EA11E005EA12F /* Resources */,
			);
			buildRules = (
			);
			dependencies = (
			);
			name = ChineseOrdering;
			productName = ChineseOrdering;
			productReference = B3F8E9171C0EA11E005EA12F /* ChineseOrdering.app */;
			productType = "com.apple.product-type.application";
		};
/* End PBXNativeTarget section */

/* Begin PBXProject section */
		B3F8E90F1C0EA11E005EA12F /* Project object */ = {
			isa = PBXProject;
			attributes = {
				LastUpgradeCheck = 0710;
				ORGANIZATIONNAME = KEMI.;
				TargetAttributes = {
					B3F8E9161C0EA11E005EA12F = {
						CreatedOnToolsVersion = 7.1.1;
					};
				};
			};
			buildConfigurationList = B3F8E9121C0EA11E005EA12F /* Build configuration list for PBXProject "ChineseOrdering" */;
			compatibilityVersion = "Xcode 3.2";
			developmentRegion = English;
			hasScannedForEncodings = 0;
			knownRegions = (
				en,
				Base,
			);
			mainGroup = B3F8E90E1C0EA11E005EA12F;
			productRefGroup = B3F8E9181C0EA11E005EA12F /* Products */;
			projectDirPath = "";
			projectRoot = "";
			targets = (
				B3F8E9161C0EA11E005EA12F /* ChineseOrdering */,
			);
		};
/* End PBXProject section */

/* Begin PBXResourcesBuildPhase section */
		B3F8E9151C0EA11E005EA12F /* Resources */ = {
			isa = PBXResourcesBuildPhase;
			buildActionMask = 2147483647;
			files = (
				B3F8E92A1C0EA11E005EA12F /* LaunchScreen.storyboard in Resources */,
				B3F8E9271C0EA11E005EA12F /* Assets.xcassets in Resources */,
				B3F8E9251C0EA11E005EA12F /* Main.storyboard in Resources */,
			);
			runOnlyForDeploymentPostprocessing = 0;
		};
/* End PBXResourcesBuildPhase section */

/* Begin PBXSourcesBuildPhase section */
		B3F8E9131C0EA11E005EA12F /* Sources */ = {
			isa = PBXSourcesBuildPhase;
			buildActionMask = 2147483647;
			files = (
				B3F8E9221C0EA11E005EA12F /* ViewController.m in Sources */,
				B3F8E91F1C0EA11E005EA12F /* AppDelegate.m in Sources */,
				B3F8E9341C0EA194005EA12F /* Pinyin.m in Sources */,
				B3F8E9371C0EA23B005EA12F /* OrderingManager.m in Sources */,
				B3F8E91C1C0EA11E005EA12F /* main.m in Sources */,
				B3F8E93A1C0EA780005EA12F /* SimpleModel.m in Sources */,
			);
			runOnlyForDeploymentPostprocessing = 0;
		};
/* End PBXSourcesBuildPhase section */

/* Begin PBXVariantGroup section */
		B3F8E9231C0EA11E005EA12F /* Main.storyboard */ = {
			isa = PBXVariantGroup;
			children = (
				B3F8E9241C0EA11E005EA12F /* Base */,
			);
			name = Main.storyboard;
			sourceTree = "<group>";
		};
		B3F8E9281C0EA11E005EA12F /* LaunchScreen.storyboard */ = {
			isa = PBXVariantGroup;
			children = (
				B3F8E9291C0EA11E005EA12F /* Base */,
			);
			name = LaunchScreen.storyboard;
			sourceTree = "<group>";
		};
/* End PBXVariantGroup section */

/* Begin XCBuildConfiguration section */
		B3F8E92C1C0EA11E005EA12F /* Debug */ = {
			isa = XCBuildConfiguration;
			buildSettings = {
				ALWAYS_SEARCH_USER_PATHS = NO;
				CLANG_CXX_LANGUAGE_STANDARD = "gnu++0x";
				CLANG_CXX_LIBRARY = "libc++";
				CLANG_ENABLE_MODULES = YES;
				CLANG_ENABLE_OBJC_ARC = YES;
				CLANG_WARN_BOOL_CONVERSION = YES;
				CLANG_WARN_CONSTANT_CONVERSION = YES;
				CLANG_WARN_DIRECT_OBJC_ISA_USAGE = YES_ERROR;
				CLANG_WARN_EMPTY_BODY = YES;
				CLANG_WARN_ENUM_CONVERSION = YES;
				CLANG_WARN_INT_CONVERSION = YES;
				CLANG_WARN_OBJC_ROOT_CLASS = YES_ERROR;
				CLANG_WARN_UNREACHABLE_CODE = YES;
				CLANG_WARN__DUPLICATE_METHOD_MATCH = YES;
				"CODE_SIGN_IDENTITY[sdk=iphoneos*]" = "iPhone Developer";
				COPY_PHASE_STRIP = NO;
				DEBUG_INFORMATION_FORMAT = dwarf;
				ENABLE_STRICT_OBJC_MSGSEND = YES;
				ENABLE_TESTABILITY = YES;
				GCC_C_LANGUAGE_STANDARD = gnu99;
				GCC_DYNAMIC_NO_PIC = NO;
				GCC_NO_COMMON_BLOCKS = YES;
				GCC_OPTIMIZATION_LEVEL = 0;
				GCC_PREPROCESSOR_DEFINITIONS = (
					"DEBUG=1",
					"$(inherited)",
				);
				GCC_WARN_64_TO_32_BIT_CONVERSION = YES;
				GCC_WARN_ABOUT_RETURN_TYPE = YES_ERROR;
				GCC_WARN_UNDECLARED_SELECTOR = YES;
				GCC_WARN_UNINITIALIZED_AUTOS = YES_AGGRESSIVE;
				GCC_WARN_UNUSED_FUNCTION = YES;
				GCC_WARN_UNUSED_VARIABLE = YES;
				IPHONEOS_DEPLOYMENT_TARGET = 9.1;
				MTL_ENABLE_DEBUG_INFO = YES;
				ONLY_ACTIVE_ARCH = YES;
				SDKROOT = iphoneos;
			};
			name = Debug;
		};
		B3F8E92D1C0EA11E005EA12F /* Release */ = {
			isa = XCBuildConfiguration;
			buildSettings = {
				ALWAYS_SEARCH_USER_PATHS = NO;
				CLANG_CXX_LANGUAGE_STANDARD = "gnu++0x";
				CLANG_CXX_LIBRARY = "libc++";
				CLANG_ENABLE_MODULES = YES;
				CLANG_ENABLE_OBJC_ARC = YES;
				CLANG_WARN_BOOL_CONVERSION = YES;
				CLANG_WARN_CONSTANT_CONVERSION = YES;
				CLANG_WARN_DIRECT_OBJC_ISA_USAGE = YES_ERROR;
				CLANG_WARN_EMPTY_BODY = YES;
				CLANG_WARN_ENUM_CONVERSION = YES;
				CLANG_WARN_INT_CONVERSION = YES;
				CLANG_WARN_OBJC_ROOT_CLASS = YES_ERROR;
				CLANG_WARN_UNREACHABLE_CODE = YES;
				CLANG_WARN__DUPLICATE_METHOD_MATCH = YES;
				"CODE_SIGN_IDENTITY[sdk=iphoneos*]" = "iPhone Developer";
				COPY_PHASE_STRIP = NO;
				DEBUG_INFORMATION_FORMAT = "dwarf-with-dsym";
				ENABLE_NS_ASSERTIONS = NO;
				ENABLE_STRICT_OBJC_MSGSEND = YES;
				GCC_C_LANGUAGE_STANDARD = gnu99;
				GCC_NO_COMMON_BLOCKS = YES;
				GCC_WARN_64_TO_32_BIT_CONVERSION = YES;
				GCC_WARN_ABOUT_RETURN_TYPE = YES_ERROR;
				GCC_WARN_UNDECLARED_SELECTOR = YES;
				GCC_WARN_UNINITIALIZED_AUTOS = YES_AGGRESSIVE;
				GCC_WARN_UNUSED_FUNCTION = YES;
				GCC_WARN_UNUSED_VARIABLE = YES;
				IPHONEOS_DEPLOYMENT_TARGET = 9.1;
				MTL_ENABLE_DEBUG_INFO = NO;
				SDKROOT = iphoneos;
				VALIDATE_PRODUCT = YES;
			};
			name = Release;
		};
		B3F8E92F1C0EA11E005EA12F /* Debug */ = {
			isa = XCBuildConfiguration;
			buildSettings = {
				ASSETCATALOG_COMPILER_APPICON_NAME = AppIcon;
				INFOPLIST_FILE = ChineseOrdering/Info.plist;
				IPHONEOS_DEPLOYMENT_TARGET = 8.0;
				LD_RUNPATH_SEARCH_PATHS = "$(inherited) @executable_path/Frameworks";
				PRODUCT_BUNDLE_IDENTIFIER = com.thomson.ChineseOrdering;
				PRODUCT_NAME = "$(TARGET_NAME)";
			};
			name = Debug;
		};
		B3F8E9301C0EA11E005EA12F /* Release */ = {
			isa = XCBuildConfiguration;
			buildSettings = {
				ASSETCATALOG_COMPILER_APPICON_NAME = AppIcon;
				INFOPLIST_FILE = ChineseOrdering/Info.plist;
				IPHONEOS_DEPLOYMENT_TARGET = 8.0;
				LD_RUNPATH_SEARCH_PATHS = "$(inherited) @executable_path/Frameworks";
				PRODUCT_BUNDLE_IDENTIFIER = com.thomson.ChineseOrdering;
				PRODUCT_NAME = "$(TARGET_NAME)";
			};
			name = Release;
		};
/* End XCBuildConfiguration section */

/* Begin XCConfigurationList section */
		B3F8E9121C0EA11E005EA12F /* Build configuration list for PBXProject "ChineseOrdering" */ = {
			isa = XCConfigurationList;
			buildConfigurations = (
				B3F8E92C1C0EA11E005EA12F /* Debug */,
				B3F8E92D1C0EA11E005EA12F /* Release */,
			);
			defaultConfigurationIsVisible = 0;
			defaultConfigurationName = Release;
		};
		B3F8E92E1C0EA11E005EA12F /* Build configuration list for PBXNativeTarget "ChineseOrdering" */ = {
			isa = XCConfigurationList;
			buildConfigurations = (
				B3F8E92F1C0EA11E005EA12F /* Debug */,
				B3F8E9301C0EA11E005EA12F /* Release */,
			);
			defaultConfigurationIsVisible = 0;
		};
/* End XCConfigurationList section */
	};
	rootObject = B3F8E90F1C0EA11E005EA12F /* Project object */;
}
